<?xml version="1.0" encoding="utf-8"?>
<Project ToolsVersion="4.0" xmlns="http://schemas.microsoft.com/developer/msbuild/2003">
  <ItemGroup>
    <Filter Include="Quelldateien">
      <UniqueIdentifier>{4FC737F1-C7A5-4376-A066-2A32D752A2FF}</UniqueIdentifier>
      <Extensions>cpp;c;cc;cxx;def;odl;idl;hpj;bat;asm;asmx</Extensions>
    </Filter>
    <Filter Include="Headerdateien">
      <UniqueIdentifier>{93995380-89BD-4b04-88EB-625FBE52EBFB}</UniqueIdentifier>
      <Extensions>h;hh;hpp;hxx;hm;inl;inc;ipp;xsd</Extensions>
    </Filter>
    <Filter Include="Ressourcendateien">
      <UniqueIdentifier>{67DA6AB6-F800-4c08-8B7A-83BB121AAD01}</UniqueIdentifier>
      <Extensions>rc;ico;cur;bmp;dlg;rc2;rct;bin;rgs;gif;jpg;jpeg;jpe;resx;tiff;tif;png;wav;mfcribbon-ms</Extensions>
    </Filter>
  </ItemGroup>
  <ItemGroup>
    <ClCompile Include="..\REACT\DigitalInput.cpp">
      <Filter>Quelldateien</Filter>
    </ClCompile>
    <ClCompile Include="..\REACT\DigitalOutput.cpp">
      <Filter>Quelldateien</Filter>
    </ClCompile>
    <ClCompile Include="..\REACT\IDigitalInput.cpp">
      <Filter>Quelldateien</Filter>
    </ClCompile>
    <ClCompile Include="..\REACT\IDigitalOutput.cpp">
      <Filter>Quelldateien</Filter>
    </ClCompile>
    <ClCompile Include="..\REACT\PinManager.cpp">
      <Filter>Quelldateien</Filter>
    </ClCompile>
    <ClCompile Include="..\REACT\Player.cpp">
      <Filter>Quelldateien</Filter>
    </ClCompile>
    <ClCompile Include="..\REACT\ReactionGameHandler.cpp">
      <Filter>Quelldateien</Filter>
    </ClCompile>
    <ClCompile Include="..\REACT\Status.cpp">
      <Filter>Quelldateien</Filter>
    </ClCompile>
    <ClCompile Include="winpi.cpp">
      <Filter>Quelldateien</Filter>
    </ClCompile>
    <ClCompile Include="WinpiEmulator.cpp">
      <Filter>Quelldateien</Filter>
    </ClCompile>
  </ItemGroup>
  <ItemGroup>
    <ClInclude Include="..\REACT\DigitalInput.h">
      <Filter>Headerdateien</Filter>
    </ClInclude>
    <ClInclude Include="..\REACT\DigitalOutput.h">
      <Filter>Headerdateien</Filter>
    </ClInclude>
    <ClInclude Include="..\REACT\IDigitalInput.h">
      <Filter>Headerdateien</Filter>
    </ClInclude>
    <ClInclude Include="..\REACT\IDigitalOutput.h">
      <Filter>Headerdateien</Filter>
    </ClInclude>
    <ClInclude Include="..\REACT\json.hpp">
      <Filter>Headerdateien</Filter>
    </ClInclude>
    <ClInclude Include="..\REACT\PinManager.h">
      <Filter>Headerdateien</Filter>
    </ClInclude>
    <ClInclude Include="..\REACT\piproxy.h">
      <Filter>Headerdateien</Filter>
    </ClInclude>
    <ClInclude Include="..\REACT\Player.h">
      <Filter>Headerdateien</Filter>
    </ClInclude>
    <ClInclude Include="..\REACT\ReactionGameHandler.h">
      <Filter>Headerdateien</Filter>
    </ClInclude>
    <ClInclude Include="..\REACT\Status.h">
      <Filter>Headerdateien</Filter>
    </ClInclude>
    <ClInclude Include="winpi.h">
      <Filter>Headerdateien</Filter>
    </ClInclude>
    <ClInclude Include="WinpiEmulator.h">
      <Filter>Headerdateien</Filter>
    </ClInclude>
  </ItemGroup>
  <ItemGroup>
    <None Include="..\REACT\pins.json" />
  </ItemGroup>
</Project>